
Microsoft Visual Studio Solution File, Format Version 12.00
# Visual Studio 15
VisualStudioVersion = 15.0.28010.2046
MinimumVisualStudioVersion = 10.0.40219.1
Project("{FAE04EC0-301F-11D3-BF4B-00C04F79EFBC}") = "Functions", "Functions\Functions.csproj", "{BE181239-21F8-4328-ACA1-9B1B18C47BB6}"
EndProject
Global
	GlobalSection(SolutionConfigurationPlatforms) = preSolution
		Debug|Any CPU = Debug|Any CPU
		Release|Any CPU = Release|Any CPU
	EndGlobalSection
	GlobalSection(ProjectConfigurationPlatforms) = postSolution
		{BE181239-21F8-4328-ACA1-9B1B18C47BB6}.Debug|Any CPU.ActiveCfg = Debug|Any CPU
		{BE181239-21F8-4328-ACA1-9B1B18C47BB6}.Debug|Any CPU.Build.0 = Debug|Any CPU
		{BE181239-21F8-4328-ACA1-9B1B18C47BB6}.Release|Any CPU.ActiveCfg = Release|Any CPU
		{BE181239-21F8-4328-ACA1-9B1B18C47BB6}.Release|Any CPU.Build.0 = Release|Any CPU
	EndGlobalSection
	GlobalSection(SolutionProperties) = preSolution
		HideSolutionNode = FALSE
	EndGlobalSection
	GlobalSection(ExtensibilityGlobals) = postSolution
		SolutionGuid = {430DD7D7-1053-4BD9-850B-391D31724D5F}
	EndGlobalSection
EndGlobal
