
Microsoft Visual Studio Solution File, Format Version 12.00
# Visual Studio 15
VisualStudioVersion = 15.0.28010.2046
MinimumVisualStudioVersion = 10.0.40219.1
Project("{FAE04EC0-301F-11D3-BF4B-00C04F79EFBC}") = "Functions - methods", "Functions - methods\Functions - methods.csproj", "{274FE4C6-AC75-420C-AEE1-B85947E96FC3}"
EndProject
Global
	GlobalSection(SolutionConfigurationPlatforms) = preSolution
		Debug|Any CPU = Debug|Any CPU
		Release|Any CPU = Release|Any CPU
	EndGlobalSection
	GlobalSection(ProjectConfigurationPlatforms) = postSolution
		{274FE4C6-AC75-420C-AEE1-B85947E96FC3}.Debug|Any CPU.ActiveCfg = Debug|Any CPU
		{274FE4C6-AC75-420C-AEE1-B85947E96FC3}.Debug|Any CPU.Build.0 = Debug|Any CPU
		{274FE4C6-AC75-420C-AEE1-B85947E96FC3}.Release|Any CPU.ActiveCfg = Release|Any CPU
		{274FE4C6-AC75-420C-AEE1-B85947E96FC3}.Release|Any CPU.Build.0 = Release|Any CPU
	EndGlobalSection
	GlobalSection(SolutionProperties) = preSolution
		HideSolutionNode = FALSE
	EndGlobalSection
	GlobalSection(ExtensibilityGlobals) = postSolution
		SolutionGuid = {A0DFFB35-1FD2-4E75-A1AE-882F7D58F1E2}
	EndGlobalSection
EndGlobal
