
Microsoft Visual Studio Solution File, Format Version 12.00
# Visual Studio 15
VisualStudioVersion = 15.0.28010.2048
MinimumVisualStudioVersion = 10.0.40219.1
Project("{FAE04EC0-301F-11D3-BF4B-00C04F79EFBC}") = "RPS", "RPS\RPS.csproj", "{BAC930B6-8F65-4E5E-8EEC-293CD30244E0}"
EndProject
Global
	GlobalSection(SolutionConfigurationPlatforms) = preSolution
		Debug|Any CPU = Debug|Any CPU
		Release|Any CPU = Release|Any CPU
	EndGlobalSection
	GlobalSection(ProjectConfigurationPlatforms) = postSolution
		{BAC930B6-8F65-4E5E-8EEC-293CD30244E0}.Debug|Any CPU.ActiveCfg = Debug|Any CPU
		{BAC930B6-8F65-4E5E-8EEC-293CD30244E0}.Debug|Any CPU.Build.0 = Debug|Any CPU
		{BAC930B6-8F65-4E5E-8EEC-293CD30244E0}.Release|Any CPU.ActiveCfg = Release|Any CPU
		{BAC930B6-8F65-4E5E-8EEC-293CD30244E0}.Release|Any CPU.Build.0 = Release|Any CPU
	EndGlobalSection
	GlobalSection(SolutionProperties) = preSolution
		HideSolutionNode = FALSE
	EndGlobalSection
	GlobalSection(ExtensibilityGlobals) = postSolution
		SolutionGuid = {74EBB0B7-AB36-4A8C-B47F-8E8CB668D07C}
	EndGlobalSection
EndGlobal
